{
  "nodes": {
    "ai-skills": {
      "locked": {
        "lastModified": 1772750504,
        "narHash": "sha256-MTp+nNQxhkYPWe0WjjyKmzHuqOfeCEbjswl3XMU9cMQ=",
        "owner": "mattstruble",
        "repo": "nix-ai-skills",
        "rev": "64ea9bc123b6727bdce0437ce6b8b735e7671de5",
        "type": "github"
      },
      "original": {
        "owner": "mattstruble",
        "repo": "nix-ai-skills",
        "type": "github"
      }
    },
    "arkenfox-userjs": {
      "locked": {
        "lastModified": 1762133901,
        "narHash": "sha256-bfDjoAkWk3isCBAAdXJlD3eV++qbmVxfQfzkEKagj5s=",
        "owner": "petrkozorezov",
        "repo": "arkenfox-userjs-nix",
        "rev": "6a9a847da48cece0053ca076c1d00313da6d5110",
        "type": "github"
      },
      "original": {
        "owner": "petrkozorezov",
        "repo": "arkenfox-userjs-nix",
        "type": "github"
      }
    },
    "darwin": {
      "inputs": {
        "nixpkgs": [
          "nixpkgs"
        ]
      },
      "locked": {
        "lastModified": 1772379624,
        "narHash": "sha256-NG9LLTWlz4YiaTAiRGChbrzbVxBfX+Auq4Ab/SWmk4A=",
        "owner": "LnL7",
        "repo": "nix-darwin",
        "rev": "52d061516108769656a8bd9c6e811c677ec5b462",
        "type": "github"
      },
      "original": {
        "owner": "LnL7",
        "repo": "nix-darwin",
        "type": "github"
      }
    },
    "home-manager": {
      "inputs": {
        "nixpkgs": [
          "nixpkgs"
        ]
      },
      "locked": {
        "lastModified": 1772633327,
        "narHash": "sha256-jl+DJB2DUx7EbWLRng+6HNWW/1/VQOnf0NsQB4PlA7I=",
        "owner": "nix-community",
        "repo": "home-manager",
        "rev": "5a75730e6f21ee624cbf86f4915c6e7489c74acc",
        "type": "github"
      },
      "original": {
        "owner": "nix-community",
        "repo": "home-manager",
        "type": "github"
      }
    },
    "nixpkgs": {
      "locked": {
        "lastModified": 1772749894,
        "narHash": "sha256-svO9sP3e/B/QBzWYaswnpgxIEXAfE44dPNrx3fM5B+4=",
        "owner": "NixOS",
        "repo": "nixpkgs",
        "rev": "2e790cd6865efa7c6561c477b91d05e134ad737c",
        "type": "github"
      },
      "original": {
        "owner": "NixOS",
        "repo": "nixpkgs",
        "type": "github"
      }
    },
    "root": {
      "inputs": {
        "ai-skills": "ai-skills",
        "arkenfox-userjs": "arkenfox-userjs",
        "darwin": "darwin",
        "home-manager": "home-manager",
        "nixpkgs": "nixpkgs",
        "skills-infra": "skills-infra",
        "skills-nix": "skills-nix"
      }
    },
    "skills-infra": {
      "flake": false,
      "locked": {
        "lastModified": 1772596846,
        "narHash": "sha256-xrr4xhyMxAJ1uTZ75HVi1OP09TzIQOWtZiiIOwKFE7I=",
        "owner": "tylertitsworth",
        "repo": "skills",
        "rev": "f8916492e5b0e197d7e8b8957362592cffb322d9",
        "type": "github"
      },
      "original": {
        "owner": "tylertitsworth",
        "repo": "skills",
        "type": "github"
      }
    },
    "skills-nix": {
      "flake": false,
      "locked": {
        "lastModified": 1769173394,
        "narHash": "sha256-QcaBWcf6rIStWV91jZct34c2T4wOumDVfmYjNF0vH48=",
        "owner": "shakhzodkudratov",
        "repo": "nixos-and-flakes-skill",
        "rev": "c9a423b2af834633e6ef714de603fe73e6f0b195",
        "type": "github"
      },
      "original": {
        "owner": "shakhzodkudratov",
        "repo": "nixos-and-flakes-skill",
        "rev": "c9a423b2af834633e6ef714de603fe73e6f0b195",
        "type": "github"
      }
    }
  },
  "root": "root",
  "version": 7
}
