{
  "nodes": {
    "ai-agents": {
      "locked": {
        "lastModified": 1773843298,
        "narHash": "sha256-rMRZiMhEsEtm6tps3UlbZC9DAiVSOShCrYkhI3x/g4A=",
        "owner": "mattstruble",
        "repo": "nix-ai-agents",
        "rev": "93b3d8f88d47b0c0db529f4e400844d27e67c609",
        "type": "github"
      },
      "original": {
        "owner": "mattstruble",
        "repo": "nix-ai-agents",
        "type": "github"
      }
    },
    "arkenfox-userjs": {
      "locked": {
        "lastModified": 1762133901,
        "narHash": "sha256-bfDjoAkWk3isCBAAdXJlD3eV++qbmVxfQfzkEKagj5s=",
        "owner": "petrkozorezov",
        "repo": "arkenfox-userjs-nix",
        "rev": "6a9a847da48cece0053ca076c1d00313da6d5110",
        "type": "github"
      },
      "original": {
        "owner": "petrkozorezov",
        "repo": "arkenfox-userjs-nix",
        "type": "github"
      }
    },
    "darwin": {
      "inputs": {
        "nixpkgs": [
          "nixpkgs"
        ]
      },
      "locked": {
        "lastModified": 1773000227,
        "narHash": "sha256-zm3ftUQw0MPumYi91HovoGhgyZBlM4o3Zy0LhPNwzXE=",
        "owner": "LnL7",
        "repo": "nix-darwin",
        "rev": "da529ac9e46f25ed5616fd634079a5f3c579135f",
        "type": "github"
      },
      "original": {
        "owner": "LnL7",
        "repo": "nix-darwin",
        "type": "github"
      }
    },
    "home-manager": {
      "inputs": {
        "nixpkgs": [
          "nixpkgs"
        ]
      },
      "locked": {
        "lastModified": 1774875815,
        "narHash": "sha256-PzqwM4njoB3aznqwPZUawD4uOcJeu7N6GBTJKg81EQ4=",
        "owner": "nix-community",
        "repo": "home-manager",
        "rev": "9340f51314713c83360bf72d75c8b404778ab5b1",
        "type": "github"
      },
      "original": {
        "owner": "nix-community",
        "repo": "home-manager",
        "type": "github"
      }
    },
    "nixpkgs": {
      "locked": {
        "lastModified": 1774876937,
        "narHash": "sha256-+XX2JbYCKaEI9xMYQr4uRqAHUtwqKJTbWC3Z5aaytck=",
        "owner": "NixOS",
        "repo": "nixpkgs",
        "rev": "73360cdca9f0d4ee220e54ec9203b5cf55fae5be",
        "type": "github"
      },
      "original": {
        "owner": "NixOS",
        "repo": "nixpkgs",
        "type": "github"
      }
    },
    "root": {
      "inputs": {
        "ai-agents": "ai-agents",
        "arkenfox-userjs": "arkenfox-userjs",
        "darwin": "darwin",
        "home-manager": "home-manager",
        "nixpkgs": "nixpkgs",
        "skills-mattpocock": "skills-mattpocock",
        "skills-mattstruble": "skills-mattstruble",
        "skills-superpowers": "skills-superpowers"
      }
    },
    "skills-mattpocock": {
      "flake": false,
      "locked": {
        "lastModified": 1774555044,
        "narHash": "sha256-OxqA/u2qaMiRDCqr9Ou2mQeOlwzCGM2ro07LqvoQMzA=",
        "owner": "mattpocock",
        "repo": "skills",
        "rev": "eebfb3c99aa955d4928192fab5de247d36633502",
        "type": "github"
      },
      "original": {
        "owner": "mattpocock",
        "repo": "skills",
        "type": "github"
      }
    },
    "skills-mattstruble": {
      "flake": false,
      "locked": {
        "lastModified": 1774639473,
        "narHash": "sha256-ebMwR7UfF7Jhx1InOPe85RkadaYToPSsRTqUy6aWb5Y=",
        "owner": "mattstruble",
        "repo": "skills",
        "rev": "16e95939649fc8e45ef944f86fa687e480ba6bae",
        "type": "github"
      },
      "original": {
        "owner": "mattstruble",
        "repo": "skills",
        "type": "github"
      }
    },
    "skills-superpowers": {
      "flake": false,
      "locked": {
        "lastModified": 1774462089,
        "narHash": "sha256-r/Z+UxSFQIx99HnSPoU/toWMddXDcnLsbFXpQfLfj1k=",
        "owner": "obra",
        "repo": "superpowers",
        "rev": "eafe962b18f6c5dc70fb7c8cc7e83e61f4cdde06",
        "type": "github"
      },
      "original": {
        "owner": "obra",
        "repo": "superpowers",
        "type": "github"
      }
    }
  },
  "root": "root",
  "version": 7
}
