{
  "nodes": {
    "arkenfox-userjs": {
      "locked": {
        "lastModified": 1762133901,
        "narHash": "sha256-bfDjoAkWk3isCBAAdXJlD3eV++qbmVxfQfzkEKagj5s=",
        "owner": "petrkozorezov",
        "repo": "arkenfox-userjs-nix",
        "rev": "6a9a847da48cece0053ca076c1d00313da6d5110",
        "type": "github"
      },
      "original": {
        "owner": "petrkozorezov",
        "repo": "arkenfox-userjs-nix",
        "type": "github"
      }
    },
    "darwin": {
      "inputs": {
        "nixpkgs": [
          "nixpkgs"
        ]
      },
      "locked": {
        "lastModified": 1766038392,
        "narHash": "sha256-ht/GuKaw5NT3M12xM+mkUtkSBVtzjJ8IHIy6R/ncv9g=",
        "owner": "LnL7",
        "repo": "nix-darwin",
        "rev": "5fb45ece6129bd7ad8f7310df0ae9c00bae7c562",
        "type": "github"
      },
      "original": {
        "owner": "LnL7",
        "repo": "nix-darwin",
        "type": "github"
      }
    },
    "home-manager": {
      "inputs": {
        "nixpkgs": [
          "nixpkgs"
        ]
      },
      "locked": {
        "lastModified": 1765980955,
        "narHash": "sha256-rB45jv4uwC90vM9UZ70plfvY/2Kdygs+zlQ07dGQFk4=",
        "owner": "nix-community",
        "repo": "home-manager",
        "rev": "89c9508bbe9b40d36b3dc206c2483ef176f15173",
        "type": "github"
      },
      "original": {
        "owner": "nix-community",
        "repo": "home-manager",
        "type": "github"
      }
    },
    "nixpkgs": {
      "locked": {
        "lastModified": 1766084187,
        "narHash": "sha256-yd5hQzUAW+YLz5h8jJSFKA94ROsCm4xL3YEeFsJVInE=",
        "owner": "NixOS",
        "repo": "nixpkgs",
        "rev": "4026dc52c626ca9a7ddcfd1024645801dd1360d3",
        "type": "github"
      },
      "original": {
        "owner": "NixOS",
        "repo": "nixpkgs",
        "type": "github"
      }
    },
    "root": {
      "inputs": {
        "arkenfox-userjs": "arkenfox-userjs",
        "darwin": "darwin",
        "home-manager": "home-manager",
        "nixpkgs": "nixpkgs"
      }
    }
  },
  "root": "root",
  "version": 7
}
